<?xml version="1.0" encoding="utf-8"?>
<Project ToolsVersion="4.0" xmlns="http://schemas.microsoft.com/developer/msbuild/2003">
  <ItemGroup>
    <Filter Include="Source Files">
      <UniqueIdentifier>{e1d2933c-51a2-4155-8da1-fa38448c328b}</UniqueIdentifier>
      <Extensions>cpp</Extensions>
    </Filter>
    <Filter Include="Header Files">
      <UniqueIdentifier>{c94c4a9b-5689-4024-bd85-3f4da7b845b2}</UniqueIdentifier>
      <Extensions>h</Extensions>
    </Filter>
  </ItemGroup>
  <ItemGroup>
    <ClCompile Include="mPHYSSolver.cpp">
      <Filter>Source Files</Filter>
    </ClCompile>
    <ClCompile Include="mPHYSSolverPlugin.cpp">
      <Filter>Source Files</Filter>
    </ClCompile>
    <ClCompile Include="PHYSSolverCPU.cpp">
      <Filter>Source Files</Filter>
    </ClCompile>
    <ClCompile Include="PHYSSolverPlugin.cpp">
      <Filter>Source Files</Filter>
    </ClCompile>
    <ClCompile Include="PHYSSolverVector.cpp">
      <Filter>Source Files</Filter>
    </ClCompile>
  </ItemGroup>
  <ItemGroup>
    <ClInclude Include="mPHYSSolver.h">
      <Filter>Header Files</Filter>
    </ClInclude>
    <ClInclude Include="PHYSSolver.h">
      <Filter>Header Files</Filter>
    </ClInclude>
    <ClInclude Include="PHYSSolverCPU.h">
      <Filter>Header Files</Filter>
    </ClInclude>
    <ClInclude Include="PHYSSolverPlugin.h">
      <Filter>Header Files</Filter>
    </ClInclude>
    <ClInclude Include="PHYSSolverTypes.h">
      <Filter>Header Files</Filter>
    </ClInclude>
    <ClInclude Include="PHYSSolverVector.h">
      <Filter>Header Files</Filter>
    </ClInclude>
  </ItemGroup>
</Project>